// !$*UTF8*$!
{
	archiveVersion = 1;
	classes = {
	};
	objectVersion = 77;
	objects = {

/* Begin PBXBuildFile section */
		EE0FA1462F8C6F6200253F83 /* SBDomain in Frameworks */ = {isa = PBXBuildFile; productRef = EE0FA1452F8C6F6200253F83 /* SBDomain */; };
		EE2560352F8AE9A800A4B014 /* SBDomain in Frameworks */ = {isa = PBXBuildFile; productRef = EE2560342F8AE9A800A4B014 /* SBDomain */; };
		EE2560382F8AE9C700A4B014 /* SBViews in Frameworks */ = {isa = PBXBuildFile; productRef = EE2560372F8AE9C700A4B014 /* SBViews */; };
		EE25603B2F8AE9E900A4B014 /* SBProcess in Frameworks */ = {isa = PBXBuildFile; productRef = EE25603A2F8AE9E900A4B014 /* SBProcess */; };
		EE2560702F8B1BF400A4B014 /* SBDomain in Frameworks */ = {isa = PBXBuildFile; productRef = EE25606F2F8B1BF400A4B014 /* SBDomain */; };
		EE2560732F8B1C0300A4B014 /* SBProcess in Frameworks */ = {isa = PBXBuildFile; productRef = EE2560722F8B1C0300A4B014 /* SBProcess */; };
		EE2560762F8B1C0E00A4B014 /* SBViews in Frameworks */ = {isa = PBXBuildFile; productRef = EE2560752F8B1C0E00A4B014 /* SBViews */; };
		EE3501482F8C7CC2004B3D02 /* SBViews in Frameworks */ = {isa = PBXBuildFile; productRef = EE3501472F8C7CC2004B3D02 /* SBViews */; };
		EE95F05D2F8BEEE40020542B /* SBDomain in Frameworks */ = {isa = PBXBuildFile; productRef = EE95F05C2F8BEEE40020542B /* SBDomain */; };
		EE95F0602F8BEEF60020542B /* SBViews in Frameworks */ = {isa = PBXBuildFile; productRef = EE95F05F2F8BEEF60020542B /* SBViews */; };
		EE95F0632F8BEF060020542B /* SBProcess in Frameworks */ = {isa = PBXBuildFile; productRef = EE95F0622F8BEF060020542B /* SBProcess */; };
		EE95F0DD2F8C34CE0020542B /* Localizable.strings in Resources */ = {isa = PBXBuildFile; fileRef = EE95F0DB2F8C34CE0020542B /* Localizable.strings */; };
		EED84A292F8C789500CF6A2B /* SBProcess in Frameworks */ = {isa = PBXBuildFile; productRef = EED84A282F8C789500CF6A2B /* SBProcess */; };
/* End PBXBuildFile section */

/* Begin PBXContainerItemProxy section */
		EE255FF62F8AE12600A4B014 /* PBXContainerItemProxy */ = {
			isa = PBXContainerItemProxy;
			containerPortal = EE255FDE2F8AE12300A4B014 /* Project object */;
			proxyType = 1;
			remoteGlobalIDString = EE255FE52F8AE12300A4B014;
			remoteInfo = Transactions;
		};
		EE2560002F8AE12600A4B014 /* PBXContainerItemProxy */ = {
			isa = PBXContainerItemProxy;
			containerPortal = EE255FDE2F8AE12300A4B014 /* Project object */;
			proxyType = 1;
			remoteGlobalIDString = EE255FE52F8AE12300A4B014;
			remoteInfo = Transactions;
		};
/* End PBXContainerItemProxy section */

/* Begin PBXFileReference section */
		EE255FE62F8AE12300A4B014 /* Transactions.app */ = {isa = PBXFileReference; explicitFileType = wrapper.application; includeInIndex = 0; path = Transactions.app; sourceTree = BUILT_PRODUCTS_DIR; };
		EE255FF52F8AE12600A4B014 /* TransactionsTests.xctest */ = {isa = PBXFileReference; explicitFileType = wrapper.cfbundle; includeInIndex = 0; path = TransactionsTests.xctest; sourceTree = BUILT_PRODUCTS_DIR; };
		EE255FFF2F8AE12600A4B014 /* TransactionsUITests.xctest */ = {isa = PBXFileReference; explicitFileType = wrapper.cfbundle; includeInIndex = 0; path = TransactionsUITests.xctest; sourceTree = BUILT_PRODUCTS_DIR; };
		EE95F0DC2F8C34CE0020542B /* en */ = {isa = PBXFileReference; lastKnownFileType = text.plist.strings; name = en; path = en.lproj/Localizable.strings; sourceTree = "<group>"; };
		EE95F0DE2F8C34FB0020542B /* es */ = {isa = PBXFileReference; lastKnownFileType = text.plist.strings; name = es; path = es.lproj/Localizable.strings; sourceTree = "<group>"; };
/* End PBXFileReference section */

/* Begin PBXFileSystemSynchronizedRootGroup section */
		EE255FE82F8AE12300A4B014 /* Transactions */ = {
			isa = PBXFileSystemSynchronizedRootGroup;
			path = Transactions;
			sourceTree = "<group>";
		};
		EE255FF82F8AE12600A4B014 /* TransactionsTests */ = {
			isa = PBXFileSystemSynchronizedRootGroup;
			path = TransactionsTests;
			sourceTree = "<group>";
		};
		EE2560022F8AE12600A4B014 /* TransactionsUITests */ = {
			isa = PBXFileSystemSynchronizedRootGroup;
			path = TransactionsUITests;
			sourceTree = "<group>";
		};
/* End PBXFileSystemSynchronizedRootGroup section */

/* Begin PBXFrameworksBuildPhase section */
		EE255FE32F8AE12300A4B014 /* Frameworks */ = {
			isa = PBXFrameworksBuildPhase;
			buildActionMask = 2147483647;
			files = (
				EE2560762F8B1C0E00A4B014 /* SBViews in Frameworks */,
				EE2560382F8AE9C700A4B014 /* SBViews in Frameworks */,
				EED84A292F8C789500CF6A2B /* SBProcess in Frameworks */,
				EE95F0602F8BEEF60020542B /* SBViews in Frameworks */,
				EE2560702F8B1BF400A4B014 /* SBDomain in Frameworks */,
				EE95F0632F8BEF060020542B /* SBProcess in Frameworks */,
				EE3501482F8C7CC2004B3D02 /* SBViews in Frameworks */,
				EE2560732F8B1C0300A4B014 /* SBProcess in Frameworks */,
				EE95F05D2F8BEEE40020542B /* SBDomain in Frameworks */,
				EE25603B2F8AE9E900A4B014 /* SBProcess in Frameworks */,
				EE2560352F8AE9A800A4B014 /* SBDomain in Frameworks */,
				EE0FA1462F8C6F6200253F83 /* SBDomain in Frameworks */,
			);
			runOnlyForDeploymentPostprocessing = 0;
		};
		EE255FF22F8AE12600A4B014 /* Frameworks */ = {
			isa = PBXFrameworksBuildPhase;
			buildActionMask = 2147483647;
			files = (
			);
			runOnlyForDeploymentPostprocessing = 0;
		};
		EE255FFC2F8AE12600A4B014 /* Frameworks */ = {
			isa = PBXFrameworksBuildPhase;
			buildActionMask = 2147483647;
			files = (
			);
			runOnlyForDeploymentPostprocessing = 0;
		};
/* End PBXFrameworksBuildPhase section */

/* Begin PBXGroup section */
		EE255FDD2F8AE12300A4B014 = {
			isa = PBXGroup;
			children = (
				EE95F0DB2F8C34CE0020542B /* Localizable.strings */,
				EE255FE82F8AE12300A4B014 /* Transactions */,
				EE255FF82F8AE12600A4B014 /* TransactionsTests */,
				EE2560022F8AE12600A4B014 /* TransactionsUITests */,
				EE255FE72F8AE12300A4B014 /* Products */,
			);
			sourceTree = "<group>";
		};
		EE255FE72F8AE12300A4B014 /* Products */ = {
			isa = PBXGroup;
			children = (
				EE255FE62F8AE12300A4B014 /* Transactions.app */,
				EE255FF52F8AE12600A4B014 /* TransactionsTests.xctest */,
				EE255FFF2F8AE12600A4B014 /* TransactionsUITests.xctest */,
			);
			name = Products;
			sourceTree = "<group>";
		};
/* End PBXGroup section */

/* Begin PBXNativeTarget section */
		EE255FE52F8AE12300A4B014 /* Transactions */ = {
			isa = PBXNativeTarget;
			buildConfigurationList = EE2560092F8AE12600A4B014 /* Build configuration list for PBXNativeTarget "Transactions" */;
			buildPhases = (
				EE255FE22F8AE12300A4B014 /* Sources */,
				EE255FE32F8AE12300A4B014 /* Frameworks */,
				EE255FE42F8AE12300A4B014 /* Resources */,
			);
			buildRules = (
			);
			dependencies = (
			);
			fileSystemSynchronizedGroups = (
				EE255FE82F8AE12300A4B014 /* Transactions */,
			);
			name = Transactions;
			packageProductDependencies = (
				EE2560342F8AE9A800A4B014 /* SBDomain */,
				EE2560372F8AE9C700A4B014 /* SBViews */,
				EE25603A2F8AE9E900A4B014 /* SBProcess */,
				EE25606F2F8B1BF400A4B014 /* SBDomain */,
				EE2560722F8B1C0300A4B014 /* SBProcess */,
				EE2560752F8B1C0E00A4B014 /* SBViews */,
				EE95F05C2F8BEEE40020542B /* SBDomain */,
				EE95F05F2F8BEEF60020542B /* SBViews */,
				EE95F0622F8BEF060020542B /* SBProcess */,
				EE0FA1452F8C6F6200253F83 /* SBDomain */,
				EED84A282F8C789500CF6A2B /* SBProcess */,
				EE3501472F8C7CC2004B3D02 /* SBViews */,
			);
			productName = Transactions;
			productReference = EE255FE62F8AE12300A4B014 /* Transactions.app */;
			productType = "com.apple.product-type.application";
		};
		EE255FF42F8AE12600A4B014 /* TransactionsTests */ = {
			isa = PBXNativeTarget;
			buildConfigurationList = EE25600C2F8AE12600A4B014 /* Build configuration list for PBXNativeTarget "TransactionsTests" */;
			buildPhases = (
				EE255FF12F8AE12600A4B014 /* Sources */,
				EE255FF22F8AE12600A4B014 /* Frameworks */,
				EE255FF32F8AE12600A4B014 /* Resources */,
			);
			buildRules = (
			);
			dependencies = (
				EE255FF72F8AE12600A4B014 /* PBXTargetDependency */,
			);
			fileSystemSynchronizedGroups = (
				EE255FF82F8AE12600A4B014 /* TransactionsTests */,
			);
			name = TransactionsTests;
			packageProductDependencies = (
			);
			productName = TransactionsTests;
			productReference = EE255FF52F8AE12600A4B014 /* TransactionsTests.xctest */;
			productType = "com.apple.product-type.bundle.unit-test";
		};
		EE255FFE2F8AE12600A4B014 /* TransactionsUITests */ = {
			isa = PBXNativeTarget;
			buildConfigurationList = EE25600F2F8AE12600A4B014 /* Build configuration list for PBXNativeTarget "TransactionsUITests" */;
			buildPhases = (
				EE255FFB2F8AE12600A4B014 /* Sources */,
				EE255FFC2F8AE12600A4B014 /* Frameworks */,
				EE255FFD2F8AE12600A4B014 /* Resources */,
			);
			buildRules = (
			);
			dependencies = (
				EE2560012F8AE12600A4B014 /* PBXTargetDependency */,
			);
			fileSystemSynchronizedGroups = (
				EE2560022F8AE12600A4B014 /* TransactionsUITests */,
			);
			name = TransactionsUITests;
			packageProductDependencies = (
			);
			productName = TransactionsUITests;
			productReference = EE255FFF2F8AE12600A4B014 /* TransactionsUITests.xctest */;
			productType = "com.apple.product-type.bundle.ui-testing";
		};
/* End PBXNativeTarget section */

/* Begin PBXProject section */
		EE255FDE2F8AE12300A4B014 /* Project object */ = {
			isa = PBXProject;
			attributes = {
				BuildIndependentTargetsInParallel = 1;
				LastSwiftUpdateCheck = 2600;
				LastUpgradeCheck = 2600;
				TargetAttributes = {
					EE255FE52F8AE12300A4B014 = {
						CreatedOnToolsVersion = 26.0.1;
					};
					EE255FF42F8AE12600A4B014 = {
						CreatedOnToolsVersion = 26.0.1;
						TestTargetID = EE255FE52F8AE12300A4B014;
					};
					EE255FFE2F8AE12600A4B014 = {
						CreatedOnToolsVersion = 26.0.1;
						TestTargetID = EE255FE52F8AE12300A4B014;
					};
				};
			};
			buildConfigurationList = EE255FE12F8AE12300A4B014 /* Build configuration list for PBXProject "Transactions" */;
			developmentRegion = en;
			hasScannedForEncodings = 0;
			knownRegions = (
				en,
				Base,
				es,
			);
			mainGroup = EE255FDD2F8AE12300A4B014;
			minimizedProjectReferenceProxies = 1;
			packageReferences = (
				EE0FA1442F8C6F6200253F83 /* XCRemoteSwiftPackageReference "sbdomain" */,
				EED84A272F8C789500CF6A2B /* XCRemoteSwiftPackageReference "sbprocess" */,
				EE3501462F8C7CC2004B3D02 /* XCRemoteSwiftPackageReference "sbviews" */,
			);
			preferredProjectObjectVersion = 77;
			productRefGroup = EE255FE72F8AE12300A4B014 /* Products */;
			projectDirPath = "";
			projectRoot = "";
			targets = (
				EE255FE52F8AE12300A4B014 /* Transactions */,
				EE255FF42F8AE12600A4B014 /* TransactionsTests */,
				EE255FFE2F8AE12600A4B014 /* TransactionsUITests */,
			);
		};
/* End PBXProject section */

/* Begin PBXResourcesBuildPhase section */
		EE255FE42F8AE12300A4B014 /* Resources */ = {
			isa = PBXResourcesBuildPhase;
			buildActionMask = 2147483647;
			files = (
				EE95F0DD2F8C34CE0020542B /* Localizable.strings in Resources */,
			);
			runOnlyForDeploymentPostprocessing = 0;
		};
		EE255FF32F8AE12600A4B014 /* Resources */ = {
			isa = PBXResourcesBuildPhase;
			buildActionMask = 2147483647;
			files = (
			);
			runOnlyForDeploymentPostprocessing = 0;
		};
		EE255FFD2F8AE12600A4B014 /* Resources */ = {
			isa = PBXResourcesBuildPhase;
			buildActionMask = 2147483647;
			files = (
			);
			runOnlyForDeploymentPostprocessing = 0;
		};
/* End PBXResourcesBuildPhase section */

/* Begin PBXSourcesBuildPhase section */
		EE255FE22F8AE12300A4B014 /* Sources */ = {
			isa = PBXSourcesBuildPhase;
			buildActionMask = 2147483647;
			files = (
			);
			runOnlyForDeploymentPostprocessing = 0;
		};
		EE255FF12F8AE12600A4B014 /* Sources */ = {
			isa = PBXSourcesBuildPhase;
			buildActionMask = 2147483647;
			files = (
			);
			runOnlyForDeploymentPostprocessing = 0;
		};
		EE255FFB2F8AE12600A4B014 /* Sources */ = {
			isa = PBXSourcesBuildPhase;
			buildActionMask = 2147483647;
			files = (
			);
			runOnlyForDeploymentPostprocessing = 0;
		};
/* End PBXSourcesBuildPhase section */

/* Begin PBXTargetDependency section */
		EE255FF72F8AE12600A4B014 /* PBXTargetDependency */ = {
			isa = PBXTargetDependency;
			target = EE255FE52F8AE12300A4B014 /* Transactions */;
			targetProxy = EE255FF62F8AE12600A4B014 /* PBXContainerItemProxy */;
		};
		EE2560012F8AE12600A4B014 /* PBXTargetDependency */ = {
			isa = PBXTargetDependency;
			target = EE255FE52F8AE12300A4B014 /* Transactions */;
			targetProxy = EE2560002F8AE12600A4B014 /* PBXContainerItemProxy */;
		};
/* End PBXTargetDependency section */

/* Begin PBXVariantGroup section */
		EE95F0DB2F8C34CE0020542B /* Localizable.strings */ = {
			isa = PBXVariantGroup;
			children = (
				EE95F0DC2F8C34CE0020542B /* en */,
				EE95F0DE2F8C34FB0020542B /* es */,
			);
			name = Localizable.strings;
			sourceTree = "<group>";
		};
/* End PBXVariantGroup section */

/* Begin XCBuildConfiguration section */
		EE2560072F8AE12600A4B014 /* Debug */ = {
			isa = XCBuildConfiguration;
			buildSettings = {
				ALWAYS_SEARCH_USER_PATHS = NO;
				ASSETCATALOG_COMPILER_GENERATE_SWIFT_ASSET_SYMBOL_EXTENSIONS = YES;
				CLANG_ANALYZER_LOCALIZABILITY_NONLOCALIZED = YES;
				CLANG_ANALYZER_NONNULL = YES;
				CLANG_ANALYZER_NUMBER_OBJECT_CONVERSION = YES_AGGRESSIVE;
				CLANG_CXX_LANGUAGE_STANDARD = "gnu++20";
				CLANG_ENABLE_MODULES = YES;
				CLANG_ENABLE_OBJC_ARC = YES;
				CLANG_ENABLE_OBJC_WEAK = YES;
				CLANG_WARN_BLOCK_CAPTURE_AUTORELEASING = YES;
				CLANG_WARN_BOOL_CONVERSION = YES;
				CLANG_WARN_COMMA = YES;
				CLANG_WARN_CONSTANT_CONVERSION = YES;
				CLANG_WARN_DEPRECATED_OBJC_IMPLEMENTATIONS = YES;
				CLANG_WARN_DIRECT_OBJC_ISA_USAGE = YES_ERROR;
				CLANG_WARN_DOCUMENTATION_COMMENTS = YES;
				CLANG_WARN_EMPTY_BODY = YES;
				CLANG_WARN_ENUM_CONVERSION = YES;
				CLANG_WARN_INFINITE_RECURSION = YES;
				CLANG_WARN_INT_CONVERSION = YES;
				CLANG_WARN_NON_LITERAL_NULL_CONVERSION = YES;
				CLANG_WARN_OBJC_IMPLICIT_RETAIN_SELF = YES;
				CLANG_WARN_OBJC_LITERAL_CONVERSION = YES;
				CLANG_WARN_OBJC_ROOT_CLASS = YES_ERROR;
				CLANG_WARN_QUOTED_INCLUDE_IN_FRAMEWORK_HEADER = YES;
				CLANG_WARN_RANGE_LOOP_ANALYSIS = YES;
				CLANG_WARN_STRICT_PROTOTYPES = YES;
				CLANG_WARN_SUSPICIOUS_MOVE = YES;
				CLANG_WARN_UNGUARDED_AVAILABILITY = YES_AGGRESSIVE;
				CLANG_WARN_UNREACHABLE_CODE = YES;
				CLANG_WARN__DUPLICATE_METHOD_MATCH = YES;
				COPY_PHASE_STRIP = NO;
				DEBUG_INFORMATION_FORMAT = dwarf;
				DEVELOPMENT_TEAM = 9M2LBMTMX8;
				ENABLE_STRICT_OBJC_MSGSEND = YES;
				ENABLE_TESTABILITY = YES;
				ENABLE_USER_SCRIPT_SANDBOXING = YES;
				GCC_C_LANGUAGE_STANDARD = gnu17;
				GCC_DYNAMIC_NO_PIC = NO;
				GCC_NO_COMMON_BLOCKS = YES;
				GCC_OPTIMIZATION_LEVEL = 0;
				GCC_PREPROCESSOR_DEFINITIONS = (
					"DEBUG=1",
					"$(inherited)",
				);
				GCC_WARN_64_TO_32_BIT_CONVERSION = YES;
				GCC_WARN_ABOUT_RETURN_TYPE = YES_ERROR;
				GCC_WARN_UNDECLARED_SELECTOR = YES;
				GCC_WARN_UNINITIALIZED_AUTOS = YES_AGGRESSIVE;
				GCC_WARN_UNUSED_FUNCTION = YES;
				GCC_WARN_UNUSED_VARIABLE = YES;
				IPHONEOS_DEPLOYMENT_TARGET = 26.0;
				LOCALIZATION_PREFERS_STRING_CATALOGS = YES;
				MTL_ENABLE_DEBUG_INFO = INCLUDE_SOURCE;
				MTL_FAST_MATH = YES;
				ONLY_ACTIVE_ARCH = YES;
				SDKROOT = iphoneos;
				SWIFT_ACTIVE_COMPILATION_CONDITIONS = "DEBUG $(inherited)";
				SWIFT_OPTIMIZATION_LEVEL = "-Onone";
			};
			name = Debug;
		};
		EE2560082F8AE12600A4B014 /* Release */ = {
			isa = XCBuildConfiguration;
			buildSettings = {
				ALWAYS_SEARCH_USER_PATHS = NO;
				ASSETCATALOG_COMPILER_GENERATE_SWIFT_ASSET_SYMBOL_EXTENSIONS = YES;
				CLANG_ANALYZER_LOCALIZABILITY_NONLOCALIZED = YES;
				CLANG_ANALYZER_NONNULL = YES;
				CLANG_ANALYZER_NUMBER_OBJECT_CONVERSION = YES_AGGRESSIVE;
				CLANG_CXX_LANGUAGE_STANDARD = "gnu++20";
				CLANG_ENABLE_MODULES = YES;
				CLANG_ENABLE_OBJC_ARC = YES;
				CLANG_ENABLE_OBJC_WEAK = YES;
				CLANG_WARN_BLOCK_CAPTURE_AUTORELEASING = YES;
				CLANG_WARN_BOOL_CONVERSION = YES;
				CLANG_WARN_COMMA = YES;
				CLANG_WARN_CONSTANT_CONVERSION = YES;
				CLANG_WARN_DEPRECATED_OBJC_IMPLEMENTATIONS = YES;
				CLANG_WARN_DIRECT_OBJC_ISA_USAGE = YES_ERROR;
				CLANG_WARN_DOCUMENTATION_COMMENTS = YES;
				CLANG_WARN_EMPTY_BODY = YES;
				CLANG_WARN_ENUM_CONVERSION = YES;
				CLANG_WARN_INFINITE_RECURSION = YES;
				CLANG_WARN_INT_CONVERSION = YES;
				CLANG_WARN_NON_LITERAL_NULL_CONVERSION = YES;
				CLANG_WARN_OBJC_IMPLICIT_RETAIN_SELF = YES;
				CLANG_WARN_OBJC_LITERAL_CONVERSION = YES;
				CLANG_WARN_OBJC_ROOT_CLASS = YES_ERROR;
				CLANG_WARN_QUOTED_INCLUDE_IN_FRAMEWORK_HEADER = YES;
				CLANG_WARN_RANGE_LOOP_ANALYSIS = YES;
				CLANG_WARN_STRICT_PROTOTYPES = YES;
				CLANG_WARN_SUSPICIOUS_MOVE = YES;
				CLANG_WARN_UNGUARDED_AVAILABILITY = YES_AGGRESSIVE;
				CLANG_WARN_UNREACHABLE_CODE = YES;
				CLANG_WARN__DUPLICATE_METHOD_MATCH = YES;
				COPY_PHASE_STRIP = NO;
				DEBUG_INFORMATION_FORMAT = "dwarf-with-dsym";
				DEVELOPMENT_TEAM = 9M2LBMTMX8;
				ENABLE_NS_ASSERTIONS = NO;
				ENABLE_STRICT_OBJC_MSGSEND = YES;
				ENABLE_USER_SCRIPT_SANDBOXING = YES;
				GCC_C_LANGUAGE_STANDARD = gnu17;
				GCC_NO_COMMON_BLOCKS = YES;
				GCC_WARN_64_TO_32_BIT_CONVERSION = YES;
				GCC_WARN_ABOUT_RETURN_TYPE = YES_ERROR;
				GCC_WARN_UNDECLARED_SELECTOR = YES;
				GCC_WARN_UNINITIALIZED_AUTOS = YES_AGGRESSIVE;
				GCC_WARN_UNUSED_FUNCTION = YES;
				GCC_WARN_UNUSED_VARIABLE = YES;
				IPHONEOS_DEPLOYMENT_TARGET = 26.0;
				LOCALIZATION_PREFERS_STRING_CATALOGS = YES;
				MTL_ENABLE_DEBUG_INFO = NO;
				MTL_FAST_MATH = YES;
				SDKROOT = iphoneos;
				SWIFT_COMPILATION_MODE = wholemodule;
				VALIDATE_PRODUCT = YES;
			};
			name = Release;
		};
		EE25600A2F8AE12600A4B014 /* Debug */ = {
			isa = XCBuildConfiguration;
			buildSettings = {
				ASSETCATALOG_COMPILER_APPICON_NAME = AppIcon;
				ASSETCATALOG_COMPILER_GLOBAL_ACCENT_COLOR_NAME = AccentColor;
				CODE_SIGN_STYLE = Automatic;
				CURRENT_PROJECT_VERSION = 1;
				DEVELOPMENT_TEAM = 9M2LBMTMX8;
				ENABLE_PREVIEWS = YES;
				GENERATE_INFOPLIST_FILE = YES;
				INFOPLIST_KEY_UIApplicationSceneManifest_Generation = YES;
				INFOPLIST_KEY_UIApplicationSupportsIndirectInputEvents = YES;
				INFOPLIST_KEY_UILaunchScreen_Generation = YES;
				INFOPLIST_KEY_UISupportedInterfaceOrientations_iPad = "UIInterfaceOrientationPortrait UIInterfaceOrientationPortraitUpsideDown UIInterfaceOrientationLandscapeLeft UIInterfaceOrientationLandscapeRight";
				INFOPLIST_KEY_UISupportedInterfaceOrientations_iPhone = "UIInterfaceOrientationPortrait UIInterfaceOrientationLandscapeLeft UIInterfaceOrientationLandscapeRight";
				LD_RUNPATH_SEARCH_PATHS = (
					"$(inherited)",
					"@executable_path/Frameworks",
				);
				MARKETING_VERSION = 1.0;
				PRODUCT_BUNDLE_IDENTIFIER = com.near22.Transactions;
				PRODUCT_NAME = "$(TARGET_NAME)";
				STRING_CATALOG_GENERATE_SYMBOLS = YES;
				SWIFT_APPROACHABLE_CONCURRENCY = YES;
				SWIFT_DEFAULT_ACTOR_ISOLATION = MainActor;
				SWIFT_EMIT_LOC_STRINGS = YES;
				SWIFT_UPCOMING_FEATURE_MEMBER_IMPORT_VISIBILITY = YES;
				SWIFT_VERSION = 5.0;
				TARGETED_DEVICE_FAMILY = "1,2";
			};
			name = Debug;
		};
		EE25600B2F8AE12600A4B014 /* Release */ = {
			isa = XCBuildConfiguration;
			buildSettings = {
				ASSETCATALOG_COMPILER_APPICON_NAME = AppIcon;
				ASSETCATALOG_COMPILER_GLOBAL_ACCENT_COLOR_NAME = AccentColor;
				CODE_SIGN_STYLE = Automatic;
				CURRENT_PROJECT_VERSION = 1;
				DEVELOPMENT_TEAM = 9M2LBMTMX8;
				ENABLE_PREVIEWS = YES;
				GENERATE_INFOPLIST_FILE = YES;
				INFOPLIST_KEY_UIApplicationSceneManifest_Generation = YES;
				INFOPLIST_KEY_UIApplicationSupportsIndirectInputEvents = YES;
				INFOPLIST_KEY_UILaunchScreen_Generation = YES;
				INFOPLIST_KEY_UISupportedInterfaceOrientations_iPad = "UIInterfaceOrientationPortrait UIInterfaceOrientationPortraitUpsideDown UIInterfaceOrientationLandscapeLeft UIInterfaceOrientationLandscapeRight";
				INFOPLIST_KEY_UISupportedInterfaceOrientations_iPhone = "UIInterfaceOrientationPortrait UIInterfaceOrientationLandscapeLeft UIInterfaceOrientationLandscapeRight";
				LD_RUNPATH_SEARCH_PATHS = (
					"$(inherited)",
					"@executable_path/Frameworks",
				);
				MARKETING_VERSION = 1.0;
				PRODUCT_BUNDLE_IDENTIFIER = com.near22.Transactions;
				PRODUCT_NAME = "$(TARGET_NAME)";
				STRING_CATALOG_GENERATE_SYMBOLS = YES;
				SWIFT_APPROACHABLE_CONCURRENCY = YES;
				SWIFT_DEFAULT_ACTOR_ISOLATION = MainActor;
				SWIFT_EMIT_LOC_STRINGS = YES;
				SWIFT_UPCOMING_FEATURE_MEMBER_IMPORT_VISIBILITY = YES;
				SWIFT_VERSION = 5.0;
				TARGETED_DEVICE_FAMILY = "1,2";
			};
			name = Release;
		};
		EE25600D2F8AE12600A4B014 /* Debug */ = {
			isa = XCBuildConfiguration;
			buildSettings = {
				BUNDLE_LOADER = "$(TEST_HOST)";
				CODE_SIGN_STYLE = Automatic;
				CURRENT_PROJECT_VERSION = 1;
				DEVELOPMENT_TEAM = 9M2LBMTMX8;
				GENERATE_INFOPLIST_FILE = YES;
				IPHONEOS_DEPLOYMENT_TARGET = 26.0;
				MARKETING_VERSION = 1.0;
				PRODUCT_BUNDLE_IDENTIFIER = com.near22.TransactionsTests;
				PRODUCT_NAME = "$(TARGET_NAME)";
				STRING_CATALOG_GENERATE_SYMBOLS = NO;
				SWIFT_APPROACHABLE_CONCURRENCY = YES;
				SWIFT_EMIT_LOC_STRINGS = NO;
				SWIFT_UPCOMING_FEATURE_MEMBER_IMPORT_VISIBILITY = YES;
				SWIFT_VERSION = 5.0;
				TARGETED_DEVICE_FAMILY = "1,2";
				TEST_HOST = "$(BUILT_PRODUCTS_DIR)/Transactions.app/$(BUNDLE_EXECUTABLE_FOLDER_PATH)/Transactions";
			};
			name = Debug;
		};
		EE25600E2F8AE12600A4B014 /* Release */ = {
			isa = XCBuildConfiguration;
			buildSettings = {
				BUNDLE_LOADER = "$(TEST_HOST)";
				CODE_SIGN_STYLE = Automatic;
				CURRENT_PROJECT_VERSION = 1;
				DEVELOPMENT_TEAM = 9M2LBMTMX8;
				GENERATE_INFOPLIST_FILE = YES;
				IPHONEOS_DEPLOYMENT_TARGET = 26.0;
				MARKETING_VERSION = 1.0;
				PRODUCT_BUNDLE_IDENTIFIER = com.near22.TransactionsTests;
				PRODUCT_NAME = "$(TARGET_NAME)";
				STRING_CATALOG_GENERATE_SYMBOLS = NO;
				SWIFT_APPROACHABLE_CONCURRENCY = YES;
				SWIFT_EMIT_LOC_STRINGS = NO;
				SWIFT_UPCOMING_FEATURE_MEMBER_IMPORT_VISIBILITY = YES;
				SWIFT_VERSION = 5.0;
				TARGETED_DEVICE_FAMILY = "1,2";
				TEST_HOST = "$(BUILT_PRODUCTS_DIR)/Transactions.app/$(BUNDLE_EXECUTABLE_FOLDER_PATH)/Transactions";
			};
			name = Release;
		};
		EE2560102F8AE12600A4B014 /* Debug */ = {
			isa = XCBuildConfiguration;
			buildSettings = {
				CODE_SIGN_STYLE = Automatic;
				CURRENT_PROJECT_VERSION = 1;
				DEVELOPMENT_TEAM = 9M2LBMTMX8;
				GENERATE_INFOPLIST_FILE = YES;
				MARKETING_VERSION = 1.0;
				PRODUCT_BUNDLE_IDENTIFIER = com.near22.TransactionsUITests;
				PRODUCT_NAME = "$(TARGET_NAME)";
				STRING_CATALOG_GENERATE_SYMBOLS = NO;
				SWIFT_APPROACHABLE_CONCURRENCY = YES;
				SWIFT_EMIT_LOC_STRINGS = NO;
				SWIFT_UPCOMING_FEATURE_MEMBER_IMPORT_VISIBILITY = YES;
				SWIFT_VERSION = 5.0;
				TARGETED_DEVICE_FAMILY = "1,2";
				TEST_TARGET_NAME = Transactions;
			};
			name = Debug;
		};
		EE2560112F8AE12600A4B014 /* Release */ = {
			isa = XCBuildConfiguration;
			buildSettings = {
				CODE_SIGN_STYLE = Automatic;
				CURRENT_PROJECT_VERSION = 1;
				DEVELOPMENT_TEAM = 9M2LBMTMX8;
				GENERATE_INFOPLIST_FILE = YES;
				MARKETING_VERSION = 1.0;
				PRODUCT_BUNDLE_IDENTIFIER = com.near22.TransactionsUITests;
				PRODUCT_NAME = "$(TARGET_NAME)";
				STRING_CATALOG_GENERATE_SYMBOLS = NO;
				SWIFT_APPROACHABLE_CONCURRENCY = YES;
				SWIFT_EMIT_LOC_STRINGS = NO;
				SWIFT_UPCOMING_FEATURE_MEMBER_IMPORT_VISIBILITY = YES;
				SWIFT_VERSION = 5.0;
				TARGETED_DEVICE_FAMILY = "1,2";
				TEST_TARGET_NAME = Transactions;
			};
			name = Release;
		};
/* End XCBuildConfiguration section */

/* Begin XCConfigurationList section */
		EE255FE12F8AE12300A4B014 /* Build configuration list for PBXProject "Transactions" */ = {
			isa = XCConfigurationList;
			buildConfigurations = (
				EE2560072F8AE12600A4B014 /* Debug */,
				EE2560082F8AE12600A4B014 /* Release */,
			);
			defaultConfigurationIsVisible = 0;
			defaultConfigurationName = Release;
		};
		EE2560092F8AE12600A4B014 /* Build configuration list for PBXNativeTarget "Transactions" */ = {
			isa = XCConfigurationList;
			buildConfigurations = (
				EE25600A2F8AE12600A4B014 /* Debug */,
				EE25600B2F8AE12600A4B014 /* Release */,
			);
			defaultConfigurationIsVisible = 0;
			defaultConfigurationName = Release;
		};
		EE25600C2F8AE12600A4B014 /* Build configuration list for PBXNativeTarget "TransactionsTests" */ = {
			isa = XCConfigurationList;
			buildConfigurations = (
				EE25600D2F8AE12600A4B014 /* Debug */,
				EE25600E2F8AE12600A4B014 /* Release */,
			);
			defaultConfigurationIsVisible = 0;
			defaultConfigurationName = Release;
		};
		EE25600F2F8AE12600A4B014 /* Build configuration list for PBXNativeTarget "TransactionsUITests" */ = {
			isa = XCConfigurationList;
			buildConfigurations = (
				EE2560102F8AE12600A4B014 /* Debug */,
				EE2560112F8AE12600A4B014 /* Release */,
			);
			defaultConfigurationIsVisible = 0;
			defaultConfigurationName = Release;
		};
/* End XCConfigurationList section */

/* Begin XCRemoteSwiftPackageReference section */
		EE0FA1442F8C6F6200253F83 /* XCRemoteSwiftPackageReference "sbdomain" */ = {
			isa = XCRemoteSwiftPackageReference;
			repositoryURL = "https://github.com/near22boju/sbdomain";
			requirement = {
				kind = upToNextMajorVersion;
				minimumVersion = 1.0.4;
			};
		};
		EE3501462F8C7CC2004B3D02 /* XCRemoteSwiftPackageReference "sbviews" */ = {
			isa = XCRemoteSwiftPackageReference;
			repositoryURL = "https://github.com/near22boju/sbviews";
			requirement = {
				kind = upToNextMajorVersion;
				minimumVersion = 1.0.4;
			};
		};
		EED84A272F8C789500CF6A2B /* XCRemoteSwiftPackageReference "sbprocess" */ = {
			isa = XCRemoteSwiftPackageReference;
			repositoryURL = "https://github.com/near22boju/sbprocess";
			requirement = {
				kind = upToNextMajorVersion;
				minimumVersion = 1.0.5;
			};
		};
/* End XCRemoteSwiftPackageReference section */

/* Begin XCSwiftPackageProductDependency section */
		EE0FA1452F8C6F6200253F83 /* SBDomain */ = {
			isa = XCSwiftPackageProductDependency;
			package = EE0FA1442F8C6F6200253F83 /* XCRemoteSwiftPackageReference "sbdomain" */;
			productName = SBDomain;
		};
		EE2560342F8AE9A800A4B014 /* SBDomain */ = {
			isa = XCSwiftPackageProductDependency;
			productName = SBDomain;
		};
		EE2560372F8AE9C700A4B014 /* SBViews */ = {
			isa = XCSwiftPackageProductDependency;
			productName = SBViews;
		};
		EE25603A2F8AE9E900A4B014 /* SBProcess */ = {
			isa = XCSwiftPackageProductDependency;
			productName = SBProcess;
		};
		EE25606F2F8B1BF400A4B014 /* SBDomain */ = {
			isa = XCSwiftPackageProductDependency;
			productName = SBDomain;
		};
		EE2560722F8B1C0300A4B014 /* SBProcess */ = {
			isa = XCSwiftPackageProductDependency;
			productName = SBProcess;
		};
		EE2560752F8B1C0E00A4B014 /* SBViews */ = {
			isa = XCSwiftPackageProductDependency;
			productName = SBViews;
		};
		EE3501472F8C7CC2004B3D02 /* SBViews */ = {
			isa = XCSwiftPackageProductDependency;
			package = EE3501462F8C7CC2004B3D02 /* XCRemoteSwiftPackageReference "sbviews" */;
			productName = SBViews;
		};
		EE95F05C2F8BEEE40020542B /* SBDomain */ = {
			isa = XCSwiftPackageProductDependency;
			productName = SBDomain;
		};
		EE95F05F2F8BEEF60020542B /* SBViews */ = {
			isa = XCSwiftPackageProductDependency;
			productName = SBViews;
		};
		EE95F0622F8BEF060020542B /* SBProcess */ = {
			isa = XCSwiftPackageProductDependency;
			productName = SBProcess;
		};
		EED84A282F8C789500CF6A2B /* SBProcess */ = {
			isa = XCSwiftPackageProductDependency;
			package = EED84A272F8C789500CF6A2B /* XCRemoteSwiftPackageReference "sbprocess" */;
			productName = SBProcess;
		};
/* End XCSwiftPackageProductDependency section */
	};
	rootObject = EE255FDE2F8AE12300A4B014 /* Project object */;
}
